// !$*UTF8*$!
{
	archiveVersion = 1;
	classes = {
	};
	objectVersion = 50;
	objects = {

/* Begin PBXBuildFile section */
		DD88E55423F34ECE009C4060 /* AppDelegate.swift in Sources */ = {isa = PBXBuildFile; fileRef = DD88E55323F34ECE009C4060 /* AppDelegate.swift */; };
		DD88E55623F34ECE009C4060 /* MainView.swift in Sources */ = {isa = PBXBuildFile; fileRef = DD88E55523F34ECE009C4060 /* MainView.swift */; };
		DD88E55823F34ECE009C4060 /* Assets.xcassets in Resources */ = {isa = PBXBuildFile; fileRef = DD88E55723F34ECE009C4060 /* Assets.xcassets */; };
		DD88E55B23F34ECE009C4060 /* Preview Assets.xcassets in Resources */ = {isa = PBXBuildFile; fileRef = DD88E55A23F34ECE009C4060 /* Preview Assets.xcassets */; };
		DD88E55E23F34ECE009C4060 /* Main.storyboard in Resources */ = {isa = PBXBuildFile; fileRef = DD88E55C23F34ECE009C4060 /* Main.storyboard */; };
		DD88E56F23F34EE1009C4060 /* StatusCore.h in Headers */ = {isa = PBXBuildFile; fileRef = DD88E56D23F34EE1009C4060 /* StatusCore.h */; settings = {ATTRIBUTES = (Public, ); }; };
		DD88E57223F34EE1009C4060 /* StatusCore.framework in Frameworks */ = {isa = PBXBuildFile; fileRef = DD88E56B23F34EE1009C4060 /* StatusCore.framework */; };
		DD88E57323F34EE1009C4060 /* StatusCore.framework in Embed Frameworks */ = {isa = PBXBuildFile; fileRef = DD88E56B23F34EE1009C4060 /* StatusCore.framework */; settings = {ATTRIBUTES = (CodeSignOnCopy, RemoveHeadersOnCopy, ); }; };
		DD88E57B23F34EF6009C4060 /* Service.swift in Sources */ = {isa = PBXBuildFile; fileRef = DD88E57A23F34EF6009C4060 /* Service.swift */; };
		DD88E57D23F34FEA009C4060 /* StatusResponse.swift in Sources */ = {isa = PBXBuildFile; fileRef = DD88E57C23F34FEA009C4060 /* StatusResponse.swift */; };
		DD88E58023F35011009C4060 /* StatusChecker.swift in Sources */ = {isa = PBXBuildFile; fileRef = DD88E57F23F35011009C4060 /* StatusChecker.swift */; };
		DD88E58423F3598F009C4060 /* StatusProvider.swift in Sources */ = {isa = PBXBuildFile; fileRef = DD88E58323F3598F009C4060 /* StatusProvider.swift */; };
		DD88E58823F370AB009C4060 /* StatusViewController.swift in Sources */ = {isa = PBXBuildFile; fileRef = DD88E58723F370AB009C4060 /* StatusViewController.swift */; };
		DD88E58A23F371BF009C4060 /* EventMonitor.swift in Sources */ = {isa = PBXBuildFile; fileRef = DD88E58923F371BF009C4060 /* EventMonitor.swift */; };
		DD88E59323F37452009C4060 /* Sparkle.framework in Frameworks */ = {isa = PBXBuildFile; fileRef = DD88E59123F3744A009C4060 /* Sparkle.framework */; };
		DD88E59523F37488009C4060 /* Sparkle.framework in Embed Frameworks */ = {isa = PBXBuildFile; fileRef = DD88E59123F3744A009C4060 /* Sparkle.framework */; settings = {ATTRIBUTES = (CodeSignOnCopy, RemoveHeadersOnCopy, ); }; };
		DD88E59923F37583009C4060 /* SharedFileList.m in Sources */ = {isa = PBXBuildFile; fileRef = DD88E59723F37583009C4060 /* SharedFileList.m */; };
		DD88E59B23F375AB009C4060 /* Preferences.swift in Sources */ = {isa = PBXBuildFile; fileRef = DD88E59A23F375AB009C4060 /* Preferences.swift */; };
		DDCC3E6E23F377A0006BF12B /* ServiceStatusView.swift in Sources */ = {isa = PBXBuildFile; fileRef = DDCC3E6D23F377A0006BF12B /* ServiceStatusView.swift */; };
		DDCC3E7123F377E2006BF12B /* Service+UI.swift in Sources */ = {isa = PBXBuildFile; fileRef = DDCC3E7023F377E2006BF12B /* Service+UI.swift */; };
		DDCC3E7323F37824006BF12B /* PreferencesView.swift in Sources */ = {isa = PBXBuildFile; fileRef = DDCC3E7223F37824006BF12B /* PreferencesView.swift */; };
		DDCC3E7623F38FC1006BF12B /* LoadingView.swift in Sources */ = {isa = PBXBuildFile; fileRef = DDCC3E7523F38FC1006BF12B /* LoadingView.swift */; };
/* End PBXBuildFile section */

/* Begin PBXContainerItemProxy section */
		DD88E57023F34EE1009C4060 /* PBXContainerItemProxy */ = {
			isa = PBXContainerItemProxy;
			containerPortal = DD88E54823F34ECE009C4060 /* Project object */;
			proxyType = 1;
			remoteGlobalIDString = DD88E56A23F34EE1009C4060;
			remoteInfo = StatusCore;
		};
/* End PBXContainerItemProxy section */

/* Begin PBXCopyFilesBuildPhase section */
		DD88E57723F34EE1009C4060 /* Embed Frameworks */ = {
			isa = PBXCopyFilesBuildPhase;
			buildActionMask = 2147483647;
			dstPath = "";
			dstSubfolderSpec = 10;
			files = (
				DD88E57323F34EE1009C4060 /* StatusCore.framework in Embed Frameworks */,
				DD88E59523F37488009C4060 /* Sparkle.framework in Embed Frameworks */,
			);
			name = "Embed Frameworks";
			runOnlyForDeploymentPostprocessing = 0;
		};
/* End PBXCopyFilesBuildPhase section */

/* Begin PBXFileReference section */
		DD88E55023F34ECE009C4060 /* StatusBuddy.app */ = {isa = PBXFileReference; explicitFileType = wrapper.application; includeInIndex = 0; path = StatusBuddy.app; sourceTree = BUILT_PRODUCTS_DIR; };
		DD88E55323F34ECE009C4060 /* AppDelegate.swift */ = {isa = PBXFileReference; lastKnownFileType = sourcecode.swift; path = AppDelegate.swift; sourceTree = "<group>"; };
		DD88E55523F34ECE009C4060 /* MainView.swift */ = {isa = PBXFileReference; lastKnownFileType = sourcecode.swift; path = MainView.swift; sourceTree = "<group>"; };
		DD88E55723F34ECE009C4060 /* Assets.xcassets */ = {isa = PBXFileReference; lastKnownFileType = folder.assetcatalog; path = Assets.xcassets; sourceTree = "<group>"; };
		DD88E55A23F34ECE009C4060 /* Preview Assets.xcassets */ = {isa = PBXFileReference; lastKnownFileType = folder.assetcatalog; path = "Preview Assets.xcassets"; sourceTree = "<group>"; };
		DD88E55D23F34ECE009C4060 /* Base */ = {isa = PBXFileReference; lastKnownFileType = file.storyboard; name = Base; path = Base.lproj/Main.storyboard; sourceTree = "<group>"; };
		DD88E55F23F34ECE009C4060 /* Info.plist */ = {isa = PBXFileReference; lastKnownFileType = text.plist.xml; path = Info.plist; sourceTree = "<group>"; };
		DD88E56023F34ECE009C4060 /* StatusBuddy.entitlements */ = {isa = PBXFileReference; lastKnownFileType = text.plist.entitlements; path = StatusBuddy.entitlements; sourceTree = "<group>"; };
		DD88E56B23F34EE1009C4060 /* StatusCore.framework */ = {isa = PBXFileReference; explicitFileType = wrapper.framework; includeInIndex = 0; path = StatusCore.framework; sourceTree = BUILT_PRODUCTS_DIR; };
		DD88E56D23F34EE1009C4060 /* StatusCore.h */ = {isa = PBXFileReference; lastKnownFileType = sourcecode.c.h; path = StatusCore.h; sourceTree = "<group>"; };
		DD88E56E23F34EE1009C4060 /* Info.plist */ = {isa = PBXFileReference; lastKnownFileType = text.plist.xml; path = Info.plist; sourceTree = "<group>"; };
		DD88E57A23F34EF6009C4060 /* Service.swift */ = {isa = PBXFileReference; lastKnownFileType = sourcecode.swift; path = Service.swift; sourceTree = "<group>"; };
		DD88E57C23F34FEA009C4060 /* StatusResponse.swift */ = {isa = PBXFileReference; lastKnownFileType = sourcecode.swift; path = StatusResponse.swift; sourceTree = "<group>"; };
		DD88E57F23F35011009C4060 /* StatusChecker.swift */ = {isa = PBXFileReference; lastKnownFileType = sourcecode.swift; path = StatusChecker.swift; sourceTree = "<group>"; };
		DD88E58323F3598F009C4060 /* StatusProvider.swift */ = {isa = PBXFileReference; lastKnownFileType = sourcecode.swift; path = StatusProvider.swift; sourceTree = "<group>"; };
		DD88E58723F370AB009C4060 /* StatusViewController.swift */ = {isa = PBXFileReference; lastKnownFileType = sourcecode.swift; path = StatusViewController.swift; sourceTree = "<group>"; };
		DD88E58923F371BF009C4060 /* EventMonitor.swift */ = {isa = PBXFileReference; lastKnownFileType = sourcecode.swift; path = EventMonitor.swift; sourceTree = "<group>"; };
		DD88E59123F3744A009C4060 /* Sparkle.framework */ = {isa = PBXFileReference; lastKnownFileType = wrapper.framework; path = Sparkle.framework; sourceTree = "<group>"; };
		DD88E59623F37583009C4060 /* BridgingHeader.h */ = {isa = PBXFileReference; lastKnownFileType = sourcecode.c.h; path = BridgingHeader.h; sourceTree = "<group>"; };
		DD88E59723F37583009C4060 /* SharedFileList.m */ = {isa = PBXFileReference; lastKnownFileType = sourcecode.c.objc; path = SharedFileList.m; sourceTree = "<group>"; };
		DD88E59823F37583009C4060 /* SharedFileList.h */ = {isa = PBXFileReference; lastKnownFileType = sourcecode.c.h; path = SharedFileList.h; sourceTree = "<group>"; };
		DD88E59A23F375AB009C4060 /* Preferences.swift */ = {isa = PBXFileReference; lastKnownFileType = sourcecode.swift; path = Preferences.swift; sourceTree = "<group>"; };
		DDCC3E6D23F377A0006BF12B /* ServiceStatusView.swift */ = {isa = PBXFileReference; lastKnownFileType = sourcecode.swift; path = ServiceStatusView.swift; sourceTree = "<group>"; };
		DDCC3E7023F377E2006BF12B /* Service+UI.swift */ = {isa = PBXFileReference; lastKnownFileType = sourcecode.swift; path = "Service+UI.swift"; sourceTree = "<group>"; };
		DDCC3E7223F37824006BF12B /* PreferencesView.swift */ = {isa = PBXFileReference; lastKnownFileType = sourcecode.swift; path = PreferencesView.swift; sourceTree = "<group>"; };
		DDCC3E7523F38FC1006BF12B /* LoadingView.swift */ = {isa = PBXFileReference; lastKnownFileType = sourcecode.swift; path = LoadingView.swift; sourceTree = "<group>"; };
/* End PBXFileReference section */

/* Begin PBXFrameworksBuildPhase section */
		DD88E54D23F34ECE009C4060 /* Frameworks */ = {
			isa = PBXFrameworksBuildPhase;
			buildActionMask = 2147483647;
			files = (
				DD88E57223F34EE1009C4060 /* StatusCore.framework in Frameworks */,
				DD88E59323F37452009C4060 /* Sparkle.framework in Frameworks */,
			);
			runOnlyForDeploymentPostprocessing = 0;
		};
		DD88E56823F34EE1009C4060 /* Frameworks */ = {
			isa = PBXFrameworksBuildPhase;
			buildActionMask = 2147483647;
			files = (
			);
			runOnlyForDeploymentPostprocessing = 0;
		};
/* End PBXFrameworksBuildPhase section */

/* Begin PBXGroup section */
		DD88E54723F34ECE009C4060 = {
			isa = PBXGroup;
			children = (
				DD88E59023F3744A009C4060 /* Vendor */,
				DD88E55223F34ECE009C4060 /* StatusBuddy */,
				DD88E56C23F34EE1009C4060 /* StatusCore */,
				DD88E55123F34ECE009C4060 /* Products */,
				DD88E59223F37452009C4060 /* Frameworks */,
			);
			sourceTree = "<group>";
		};
		DD88E55123F34ECE009C4060 /* Products */ = {
			isa = PBXGroup;
			children = (
				DD88E55023F34ECE009C4060 /* StatusBuddy.app */,
				DD88E56B23F34EE1009C4060 /* StatusCore.framework */,
			);
			name = Products;
			sourceTree = "<group>";
		};
		DD88E55223F34ECE009C4060 /* StatusBuddy */ = {
			isa = PBXGroup;
			children = (
				DD88E58D23F373A6009C4060 /* Controllers */,
				DD88E58C23F3739B009C4060 /* Views */,
				DD88E58B23F37395009C4060 /* Support */,
				DD88E55723F34ECE009C4060 /* Assets.xcassets */,
				DD88E55C23F34ECE009C4060 /* Main.storyboard */,
				DD88E55F23F34ECE009C4060 /* Info.plist */,
				DD88E56023F34ECE009C4060 /* StatusBuddy.entitlements */,
				DD88E55923F34ECE009C4060 /* Preview Content */,
			);
			path = StatusBuddy;
			sourceTree = "<group>";
		};
		DD88E55923F34ECE009C4060 /* Preview Content */ = {
			isa = PBXGroup;
			children = (
				DD88E55A23F34ECE009C4060 /* Preview Assets.xcassets */,
			);
			path = "Preview Content";
			sourceTree = "<group>";
		};
		DD88E56C23F34EE1009C4060 /* StatusCore */ = {
			isa = PBXGroup;
			children = (
				DD88E57823F34EE5009C4060 /* Source */,
				DD88E56D23F34EE1009C4060 /* StatusCore.h */,
				DD88E56E23F34EE1009C4060 /* Info.plist */,
			);
			path = StatusCore;
			sourceTree = "<group>";
		};
		DD88E57823F34EE5009C4060 /* Source */ = {
			isa = PBXGroup;
			children = (
				DD88E57E23F35007009C4060 /* Core */,
				DD88E57923F34EE8009C4060 /* Models */,
			);
			path = Source;
			sourceTree = "<group>";
		};
		DD88E57923F34EE8009C4060 /* Models */ = {
			isa = PBXGroup;
			children = (
				DD88E57C23F34FEA009C4060 /* StatusResponse.swift */,
				DD88E57A23F34EF6009C4060 /* Service.swift */,
			);
			path = Models;
			sourceTree = "<group>";
		};
		DD88E57E23F35007009C4060 /* Core */ = {
			isa = PBXGroup;
			children = (
				DD88E57F23F35011009C4060 /* StatusChecker.swift */,
				DD88E58323F3598F009C4060 /* StatusProvider.swift */,
			);
			path = Core;
			sourceTree = "<group>";
		};
		DD88E58B23F37395009C4060 /* Support */ = {
			isa = PBXGroup;
			children = (
				DD88E59623F37583009C4060 /* BridgingHeader.h */,
				DD88E59823F37583009C4060 /* SharedFileList.h */,
				DD88E59723F37583009C4060 /* SharedFileList.m */,
				DD88E55323F34ECE009C4060 /* AppDelegate.swift */,
				DD88E58923F371BF009C4060 /* EventMonitor.swift */,
				DD88E59A23F375AB009C4060 /* Preferences.swift */,
			);
			path = Support;
			sourceTree = "<group>";
		};
		DD88E58C23F3739B009C4060 /* Views */ = {
			isa = PBXGroup;
			children = (
				DDCC3E6F23F377D9006BF12B /* Extensions */,
				DD88E55523F34ECE009C4060 /* MainView.swift */,
				DDCC3E6D23F377A0006BF12B /* ServiceStatusView.swift */,
				DDCC3E7223F37824006BF12B /* PreferencesView.swift */,
				DDCC3E7523F38FC1006BF12B /* LoadingView.swift */,
			);
			path = Views;
			sourceTree = "<group>";
		};
		DD88E58D23F373A6009C4060 /* Controllers */ = {
			isa = PBXGroup;
			children = (
				DD88E58723F370AB009C4060 /* StatusViewController.swift */,
			);
			path = Controllers;
			sourceTree = "<group>";
		};
		DD88E59023F3744A009C4060 /* Vendor */ = {
			isa = PBXGroup;
			children = (
				DD88E59123F3744A009C4060 /* Sparkle.framework */,
			);
			path = Vendor;
			sourceTree = "<group>";
		};
		DD88E59223F37452009C4060 /* Frameworks */ = {
			isa = PBXGroup;
			children = (
			);
			name = Frameworks;
			sourceTree = "<group>";
		};
		DDCC3E6F23F377D9006BF12B /* Extensions */ = {
			isa = PBXGroup;
			children = (
				DDCC3E7023F377E2006BF12B /* Service+UI.swift */,
			);
			path = Extensions;
			sourceTree = "<group>";
		};
/* End PBXGroup section */

/* Begin PBXHeadersBuildPhase section */
		DD88E56623F34EE1009C4060 /* Headers */ = {
			isa = PBXHeadersBuildPhase;
			buildActionMask = 2147483647;
			files = (
				DD88E56F23F34EE1009C4060 /* StatusCore.h in Headers */,
			);
			runOnlyForDeploymentPostprocessing = 0;
		};
/* End PBXHeadersBuildPhase section */

/* Begin PBXNativeTarget section */
		DD88E54F23F34ECE009C4060 /* StatusBuddy */ = {
			isa = PBXNativeTarget;
			buildConfigurationList = DD88E56323F34ECE009C4060 /* Build configuration list for PBXNativeTarget "StatusBuddy" */;
			buildPhases = (
				DD88E54C23F34ECE009C4060 /* Sources */,
				DD88E54D23F34ECE009C4060 /* Frameworks */,
				DD88E54E23F34ECE009C4060 /* Resources */,
				DD88E57723F34EE1009C4060 /* Embed Frameworks */,
			);
			buildRules = (
			);
			dependencies = (
				DD88E57123F34EE1009C4060 /* PBXTargetDependency */,
			);
			name = StatusBuddy;
			productName = StatusBuddy;
			productReference = DD88E55023F34ECE009C4060 /* StatusBuddy.app */;
			productType = "com.apple.product-type.application";
		};
		DD88E56A23F34EE1009C4060 /* StatusCore */ = {
			isa = PBXNativeTarget;
			buildConfigurationList = DD88E57423F34EE1009C4060 /* Build configuration list for PBXNativeTarget "StatusCore" */;
			buildPhases = (
				DD88E56623F34EE1009C4060 /* Headers */,
				DD88E56723F34EE1009C4060 /* Sources */,
				DD88E56823F34EE1009C4060 /* Frameworks */,
				DD88E56923F34EE1009C4060 /* Resources */,
			);
			buildRules = (
			);
			dependencies = (
			);
			name = StatusCore;
			productName = StatusCore;
			productReference = DD88E56B23F34EE1009C4060 /* StatusCore.framework */;
			productType = "com.apple.product-type.framework";
		};
/* End PBXNativeTarget section */

/* Begin PBXProject section */
		DD88E54823F34ECE009C4060 /* Project object */ = {
			isa = PBXProject;
			attributes = {
				LastSwiftUpdateCheck = 1140;
				LastUpgradeCheck = 1140;
				ORGANIZATIONNAME = "Guilherme Rambo";
				TargetAttributes = {
					DD88E54F23F34ECE009C4060 = {
						CreatedOnToolsVersion = 11.4;
					};
					DD88E56A23F34EE1009C4060 = {
						CreatedOnToolsVersion = 11.4;
						LastSwiftMigration = 1140;
					};
				};
			};
			buildConfigurationList = DD88E54B23F34ECE009C4060 /* Build configuration list for PBXProject "StatusBuddy" */;
			compatibilityVersion = "Xcode 9.3";
			developmentRegion = en;
			hasScannedForEncodings = 0;
			knownRegions = (
				en,
				Base,
			);
			mainGroup = DD88E54723F34ECE009C4060;
			productRefGroup = DD88E55123F34ECE009C4060 /* Products */;
			projectDirPath = "";
			projectRoot = "";
			targets = (
				DD88E54F23F34ECE009C4060 /* StatusBuddy */,
				DD88E56A23F34EE1009C4060 /* StatusCore */,
			);
		};
/* End PBXProject section */

/* Begin PBXResourcesBuildPhase section */
		DD88E54E23F34ECE009C4060 /* Resources */ = {
			isa = PBXResourcesBuildPhase;
			buildActionMask = 2147483647;
			files = (
				DD88E55E23F34ECE009C4060 /* Main.storyboard in Resources */,
				DD88E55B23F34ECE009C4060 /* Preview Assets.xcassets in Resources */,
				DD88E55823F34ECE009C4060 /* Assets.xcassets in Resources */,
			);
			runOnlyForDeploymentPostprocessing = 0;
		};
		DD88E56923F34EE1009C4060 /* Resources */ = {
			isa = PBXResourcesBuildPhase;
			buildActionMask = 2147483647;
			files = (
			);
			runOnlyForDeploymentPostprocessing = 0;
		};
/* End PBXResourcesBuildPhase section */

/* Begin PBXSourcesBuildPhase section */
		DD88E54C23F34ECE009C4060 /* Sources */ = {
			isa = PBXSourcesBuildPhase;
			buildActionMask = 2147483647;
			files = (
				DD88E55623F34ECE009C4060 /* MainView.swift in Sources */,
				DD88E59923F37583009C4060 /* SharedFileList.m in Sources */,
				DD88E59B23F375AB009C4060 /* Preferences.swift in Sources */,
				DDCC3E7623F38FC1006BF12B /* LoadingView.swift in Sources */,
				DD88E58823F370AB009C4060 /* StatusViewController.swift in Sources */,
				DDCC3E7323F37824006BF12B /* PreferencesView.swift in Sources */,
				DD88E55423F34ECE009C4060 /* AppDelegate.swift in Sources */,
				DDCC3E7123F377E2006BF12B /* Service+UI.swift in Sources */,
				DDCC3E6E23F377A0006BF12B /* ServiceStatusView.swift in Sources */,
				DD88E58A23F371BF009C4060 /* EventMonitor.swift in Sources */,
			);
			runOnlyForDeploymentPostprocessing = 0;
		};
		DD88E56723F34EE1009C4060 /* Sources */ = {
			isa = PBXSourcesBuildPhase;
			buildActionMask = 2147483647;
			files = (
				DD88E57D23F34FEA009C4060 /* StatusResponse.swift in Sources */,
				DD88E57B23F34EF6009C4060 /* Service.swift in Sources */,
				DD88E58423F3598F009C4060 /* StatusProvider.swift in Sources */,
				DD88E58023F35011009C4060 /* StatusChecker.swift in Sources */,
			);
			runOnlyForDeploymentPostprocessing = 0;
		};
/* End PBXSourcesBuildPhase section */

/* Begin PBXTargetDependency section */
		DD88E57123F34EE1009C4060 /* PBXTargetDependency */ = {
			isa = PBXTargetDependency;
			target = DD88E56A23F34EE1009C4060 /* StatusCore */;
			targetProxy = DD88E57023F34EE1009C4060 /* PBXContainerItemProxy */;
		};
/* End PBXTargetDependency section */

/* Begin PBXVariantGroup section */
		DD88E55C23F34ECE009C4060 /* Main.storyboard */ = {
			isa = PBXVariantGroup;
			children = (
				DD88E55D23F34ECE009C4060 /* Base */,
			);
			name = Main.storyboard;
			sourceTree = "<group>";
		};
/* End PBXVariantGroup section */

/* Begin XCBuildConfiguration section */
		DD88E56123F34ECE009C4060 /* Debug */ = {
			isa = XCBuildConfiguration;
			buildSettings = {
				ALWAYS_SEARCH_USER_PATHS = NO;
				CLANG_ANALYZER_NONNULL = YES;
				CLANG_ANALYZER_NUMBER_OBJECT_CONVERSION = YES_AGGRESSIVE;
				CLANG_CXX_LANGUAGE_STANDARD = "gnu++14";
				CLANG_CXX_LIBRARY = "libc++";
				CLANG_ENABLE_MODULES = YES;
				CLANG_ENABLE_OBJC_ARC = YES;
				CLANG_ENABLE_OBJC_WEAK = YES;
				CLANG_WARN_BLOCK_CAPTURE_AUTORELEASING = YES;
				CLANG_WARN_BOOL_CONVERSION = YES;
				CLANG_WARN_COMMA = YES;
				CLANG_WARN_CONSTANT_CONVERSION = YES;
				CLANG_WARN_DEPRECATED_OBJC_IMPLEMENTATIONS = YES;
				CLANG_WARN_DIRECT_OBJC_ISA_USAGE = YES_ERROR;
				CLANG_WARN_DOCUMENTATION_COMMENTS = YES;
				CLANG_WARN_EMPTY_BODY = YES;
				CLANG_WARN_ENUM_CONVERSION = YES;
				CLANG_WARN_INFINITE_RECURSION = YES;
				CLANG_WARN_INT_CONVERSION = YES;
				CLANG_WARN_NON_LITERAL_NULL_CONVERSION = YES;
				CLANG_WARN_OBJC_IMPLICIT_RETAIN_SELF = YES;
				CLANG_WARN_OBJC_LITERAL_CONVERSION = YES;
				CLANG_WARN_OBJC_ROOT_CLASS = YES_ERROR;
				CLANG_WARN_RANGE_LOOP_ANALYSIS = YES;
				CLANG_WARN_STRICT_PROTOTYPES = YES;
				CLANG_WARN_SUSPICIOUS_MOVE = YES;
				CLANG_WARN_UNGUARDED_AVAILABILITY = YES_AGGRESSIVE;
				CLANG_WARN_UNREACHABLE_CODE = YES;
				CLANG_WARN__DUPLICATE_METHOD_MATCH = YES;
				COPY_PHASE_STRIP = NO;
				DEBUG_INFORMATION_FORMAT = dwarf;
				ENABLE_STRICT_OBJC_MSGSEND = YES;
				ENABLE_TESTABILITY = YES;
				GCC_C_LANGUAGE_STANDARD = gnu11;
				GCC_DYNAMIC_NO_PIC = NO;
				GCC_NO_COMMON_BLOCKS = YES;
				GCC_OPTIMIZATION_LEVEL = 0;
				GCC_PREPROCESSOR_DEFINITIONS = (
					"DEBUG=1",
					"$(inherited)",
				);
				GCC_WARN_64_TO_32_BIT_CONVERSION = YES;
				GCC_WARN_ABOUT_RETURN_TYPE = YES_ERROR;
				GCC_WARN_UNDECLARED_SELECTOR = YES;
				GCC_WARN_UNINITIALIZED_AUTOS = YES_AGGRESSIVE;
				GCC_WARN_UNUSED_FUNCTION = YES;
				GCC_WARN_UNUSED_VARIABLE = YES;
				MACOSX_DEPLOYMENT_TARGET = 10.15;
				MTL_ENABLE_DEBUG_INFO = INCLUDE_SOURCE;
				MTL_FAST_MATH = YES;
				ONLY_ACTIVE_ARCH = YES;
				SDKROOT = macosx;
				SWIFT_ACTIVE_COMPILATION_CONDITIONS = DEBUG;
				SWIFT_OPTIMIZATION_LEVEL = "-Onone";
			};
			name = Debug;
		};
		DD88E56223F34ECE009C4060 /* Release */ = {
			isa = XCBuildConfiguration;
			buildSettings = {
				ALWAYS_SEARCH_USER_PATHS = NO;
				CLANG_ANALYZER_NONNULL = YES;
				CLANG_ANALYZER_NUMBER_OBJECT_CONVERSION = YES_AGGRESSIVE;
				CLANG_CXX_LANGUAGE_STANDARD = "gnu++14";
				CLANG_CXX_LIBRARY = "libc++";
				CLANG_ENABLE_MODULES = YES;
				CLANG_ENABLE_OBJC_ARC = YES;
				CLANG_ENABLE_OBJC_WEAK = YES;
				CLANG_WARN_BLOCK_CAPTURE_AUTORELEASING = YES;
				CLANG_WARN_BOOL_CONVERSION = YES;
				CLANG_WARN_COMMA = YES;
				CLANG_WARN_CONSTANT_CONVERSION = YES;
				CLANG_WARN_DEPRECATED_OBJC_IMPLEMENTATIONS = YES;
				CLANG_WARN_DIRECT_OBJC_ISA_USAGE = YES_ERROR;
				CLANG_WARN_DOCUMENTATION_COMMENTS = YES;
				CLANG_WARN_EMPTY_BODY = YES;
				CLANG_WARN_ENUM_CONVERSION = YES;
				CLANG_WARN_INFINITE_RECURSION = YES;
				CLANG_WARN_INT_CONVERSION = YES;
				CLANG_WARN_NON_LITERAL_NULL_CONVERSION = YES;
				CLANG_WARN_OBJC_IMPLICIT_RETAIN_SELF = YES;
				CLANG_WARN_OBJC_LITERAL_CONVERSION = YES;
				CLANG_WARN_OBJC_ROOT_CLASS = YES_ERROR;
				CLANG_WARN_RANGE_LOOP_ANALYSIS = YES;
				CLANG_WARN_STRICT_PROTOTYPES = YES;
				CLANG_WARN_SUSPICIOUS_MOVE = YES;
				CLANG_WARN_UNGUARDED_AVAILABILITY = YES_AGGRESSIVE;
				CLANG_WARN_UNREACHABLE_CODE = YES;
				CLANG_WARN__DUPLICATE_METHOD_MATCH = YES;
				COPY_PHASE_STRIP = NO;
				DEBUG_INFORMATION_FORMAT = "dwarf-with-dsym";
				ENABLE_NS_ASSERTIONS = NO;
				ENABLE_STRICT_OBJC_MSGSEND = YES;
				GCC_C_LANGUAGE_STANDARD = gnu11;
				GCC_NO_COMMON_BLOCKS = YES;
				GCC_WARN_64_TO_32_BIT_CONVERSION = YES;
				GCC_WARN_ABOUT_RETURN_TYPE = YES_ERROR;
				GCC_WARN_UNDECLARED_SELECTOR = YES;
				GCC_WARN_UNINITIALIZED_AUTOS = YES_AGGRESSIVE;
				GCC_WARN_UNUSED_FUNCTION = YES;
				GCC_WARN_UNUSED_VARIABLE = YES;
				MACOSX_DEPLOYMENT_TARGET = 10.15;
				MTL_ENABLE_DEBUG_INFO = NO;
				MTL_FAST_MATH = YES;
				SDKROOT = macosx;
				SWIFT_COMPILATION_MODE = wholemodule;
				SWIFT_OPTIMIZATION_LEVEL = "-O";
			};
			name = Release;
		};
		DD88E56423F34ECE009C4060 /* Debug */ = {
			isa = XCBuildConfiguration;
			buildSettings = {
				ALWAYS_EMBED_SWIFT_STANDARD_LIBRARIES = YES;
				ASSETCATALOG_COMPILER_APPICON_NAME = AppIcon;
				CODE_SIGN_ENTITLEMENTS = StatusBuddy/StatusBuddy.entitlements;
				CODE_SIGN_STYLE = Automatic;
				COMBINE_HIDPI_IMAGES = YES;
				CURRENT_PROJECT_VERSION = 53;
				DEVELOPMENT_ASSET_PATHS = "\"StatusBuddy/Preview Content\"";
				DEVELOPMENT_TEAM = 8C7439RJLG;
				ENABLE_HARDENED_RUNTIME = YES;
				ENABLE_PREVIEWS = YES;
				FRAMEWORK_SEARCH_PATHS = (
					"$(inherited)",
					"$(PROJECT_DIR)/Vendor",
				);
				INFOPLIST_FILE = StatusBuddy/Info.plist;
				LD_RUNPATH_SEARCH_PATHS = (
					"$(inherited)",
					"@executable_path/../Frameworks",
				);
				MACOSX_DEPLOYMENT_TARGET = 10.15;
				MARKETING_VERSION = 0.5;
				PRODUCT_BUNDLE_IDENTIFIER = codes.rambo.StatusBuddy;
				PRODUCT_NAME = "$(TARGET_NAME)";
				SWIFT_OBJC_BRIDGING_HEADER = StatusBuddy/Support/BridgingHeader.h;
				SWIFT_VERSION = 5.0;
			};
			name = Debug;
		};
		DD88E56523F34ECE009C4060 /* Release */ = {
			isa = XCBuildConfiguration;
			buildSettings = {
				ALWAYS_EMBED_SWIFT_STANDARD_LIBRARIES = YES;
				ASSETCATALOG_COMPILER_APPICON_NAME = AppIcon;
				CODE_SIGN_ENTITLEMENTS = StatusBuddy/StatusBuddy.entitlements;
				CODE_SIGN_STYLE = Automatic;
				COMBINE_HIDPI_IMAGES = YES;
				CURRENT_PROJECT_VERSION = 53;
				DEVELOPMENT_ASSET_PATHS = "\"StatusBuddy/Preview Content\"";
				DEVELOPMENT_TEAM = 8C7439RJLG;
				ENABLE_HARDENED_RUNTIME = YES;
				ENABLE_PREVIEWS = YES;
				FRAMEWORK_SEARCH_PATHS = (
					"$(inherited)",
					"$(PROJECT_DIR)/Vendor",
				);
				INFOPLIST_FILE = StatusBuddy/Info.plist;
				LD_RUNPATH_SEARCH_PATHS = (
					"$(inherited)",
					"@executable_path/../Frameworks",
				);
				MACOSX_DEPLOYMENT_TARGET = 10.15;
				MARKETING_VERSION = 0.5;
				PRODUCT_BUNDLE_IDENTIFIER = codes.rambo.StatusBuddy;
				PRODUCT_NAME = "$(TARGET_NAME)";
				SWIFT_OBJC_BRIDGING_HEADER = StatusBuddy/Support/BridgingHeader.h;
				SWIFT_VERSION = 5.0;
			};
			name = Release;
		};
		DD88E57523F34EE1009C4060 /* Debug */ = {
			isa = XCBuildConfiguration;
			buildSettings = {
				CLANG_ENABLE_MODULES = YES;
				CODE_SIGN_STYLE = Automatic;
				COMBINE_HIDPI_IMAGES = YES;
				CURRENT_PROJECT_VERSION = 53;
				DEFINES_MODULE = YES;
				DEVELOPMENT_TEAM = 8C7439RJLG;
				DYLIB_COMPATIBILITY_VERSION = 1;
				DYLIB_CURRENT_VERSION = 53;
				DYLIB_INSTALL_NAME_BASE = "@rpath";
				INFOPLIST_FILE = StatusCore/Info.plist;
				INSTALL_PATH = "$(LOCAL_LIBRARY_DIR)/Frameworks";
				LD_RUNPATH_SEARCH_PATHS = (
					"$(inherited)",
					"@executable_path/../Frameworks",
					"@loader_path/Frameworks",
				);
				MARKETING_VERSION = 0.5;
				PRODUCT_BUNDLE_IDENTIFIER = codes.rambo.StatusCore;
				PRODUCT_NAME = "$(TARGET_NAME:c99extidentifier)";
				SKIP_INSTALL = YES;
				SWIFT_OPTIMIZATION_LEVEL = "-Onone";
				SWIFT_VERSION = 5.0;
				VERSIONING_SYSTEM = "apple-generic";
				VERSION_INFO_PREFIX = "";
			};
			name = Debug;
		};
		DD88E57623F34EE1009C4060 /* Release */ = {
			isa = XCBuildConfiguration;
			buildSettings = {
				CLANG_ENABLE_MODULES = YES;
				CODE_SIGN_STYLE = Automatic;
				COMBINE_HIDPI_IMAGES = YES;
				CURRENT_PROJECT_VERSION = 53;
				DEFINES_MODULE = YES;
				DEVELOPMENT_TEAM = 8C7439RJLG;
				DYLIB_COMPATIBILITY_VERSION = 1;
				DYLIB_CURRENT_VERSION = 53;
				DYLIB_INSTALL_NAME_BASE = "@rpath";
				INFOPLIST_FILE = StatusCore/Info.plist;
				INSTALL_PATH = "$(LOCAL_LIBRARY_DIR)/Frameworks";
				LD_RUNPATH_SEARCH_PATHS = (
					"$(inherited)",
					"@executable_path/../Frameworks",
					"@loader_path/Frameworks",
				);
				MARKETING_VERSION = 0.5;
				PRODUCT_BUNDLE_IDENTIFIER = codes.rambo.StatusCore;
				PRODUCT_NAME = "$(TARGET_NAME:c99extidentifier)";
				SKIP_INSTALL = YES;
				SWIFT_VERSION = 5.0;
				VERSIONING_SYSTEM = "apple-generic";
				VERSION_INFO_PREFIX = "";
			};
			name = Release;
		};
/* End XCBuildConfiguration section */

/* Begin XCConfigurationList section */
		DD88E54B23F34ECE009C4060 /* Build configuration list for PBXProject "StatusBuddy" */ = {
			isa = XCConfigurationList;
			buildConfigurations = (
				DD88E56123F34ECE009C4060 /* Debug */,
				DD88E56223F34ECE009C4060 /* Release */,
			);
			defaultConfigurationIsVisible = 0;
			defaultConfigurationName = Release;
		};
		DD88E56323F34ECE009C4060 /* Build configuration list for PBXNativeTarget "StatusBuddy" */ = {
			isa = XCConfigurationList;
			buildConfigurations = (
				DD88E56423F34ECE009C4060 /* Debug */,
				DD88E56523F34ECE009C4060 /* Release */,
			);
			defaultConfigurationIsVisible = 0;
			defaultConfigurationName = Release;
		};
		DD88E57423F34EE1009C4060 /* Build configuration list for PBXNativeTarget "StatusCore" */ = {
			isa = XCConfigurationList;
			buildConfigurations = (
				DD88E57523F34EE1009C4060 /* Debug */,
				DD88E57623F34EE1009C4060 /* Release */,
			);
			defaultConfigurationIsVisible = 0;
			defaultConfigurationName = Release;
		};
/* End XCConfigurationList section */
	};
	rootObject = DD88E54823F34ECE009C4060 /* Project object */;
}
